{"filter":false,"title":"package-lock.json","tooltip":"/practice/firstNodeApp/package-lock.json","undoManager":{"mark":0,"position":0,"stack":[[{"start":{"row":10,"column":0},"end":{"row":15,"column":0},"action":"insert","lines":["    },","    \"knock-knock-jokes\": {","      \"version\": \"1.7.0\",","      \"resolved\": \"https://registry.npmjs.org/knock-knock-jokes/-/knock-knock-jokes-1.7.0.tgz\",","      \"integrity\": \"sha1-jVuSt+kxUa6sC6cBkEoTfg9kWOM=\"",""],"id":2,"ignore":true}]]},"ace":{"folds":[],"scrolltop":0,"scrollleft":0,"selection":{"start":{"row":0,"column":0},"end":{"row":0,"column":0},"isBackwards":false},"options":{"guessTabSize":true,"useWrapMode":false,"wrapToView":true},"firstLineState":0},"timestamp":1584226288672,"hash":"f5dd25aabcd1aae5e61dcfc8f817e964ca66a687"}