{"filter":false,"title":"package-lock.json","tooltip":"/Authentication/package-lock.json","undoManager":{"mark":-1,"position":-1,"stack":[]},"ace":{"folds":[],"scrolltop":0,"scrollleft":0,"selection":{"start":{"row":0,"column":0},"end":{"row":0,"column":0},"isBackwards":false},"options":{"guessTabSize":true,"useWrapMode":false,"wrapToView":true},"firstLineState":0},"timestamp":1588049883432,"hash":"5ec2c72646b93eaaa77b30d2444a9ea6761e16a7"}