{"filter":false,"title":"package-lock.json","tooltip":"/labs/lab9/package-lock.json","undoManager":{"mark":-1,"position":-1,"stack":[]},"ace":{"folds":[],"scrolltop":2874,"scrollleft":0,"selection":{"start":{"row":138,"column":9},"end":{"row":138,"column":9},"isBackwards":false},"options":{"guessTabSize":true,"useWrapMode":false,"wrapToView":true},"firstLineState":{"row":118,"state":"start","mode":"ace/mode/json"}},"timestamp":1587590238961,"hash":"1343f08512b4eb685ffef783f4eb3afac92a8737"}