{"filter":false,"title":"package-lock.json","tooltip":"/GroupProject/package-lock.json","undoManager":{"mark":-1,"position":-1,"stack":[]},"ace":{"folds":[],"scrolltop":0,"scrollleft":0,"selection":{"start":{"row":0,"column":0},"end":{"row":0,"column":0},"isBackwards":false},"options":{"guessTabSize":true,"useWrapMode":false,"wrapToView":true},"firstLineState":0},"timestamp":1588043186510,"hash":"d4bbbade4d62a10a49065e9bf284261ec19032b3"}